
Microsoft Visual Studio Solution File, Format Version 12.00
# Visual Studio Version 17
VisualStudioVersion = 17.2.32526.322
MinimumVisualStudioVersion = 10.0.40219.1
Project("{9A19103F-16F7-4668-BE54-9A1E7A4F7556}") = "01. Action Print", "ConsoleApp1\01. Action Print.csproj", "{8F70C557-97A5-451F-8A14-D5E31C0269F1}"
EndProject
Project("{9A19103F-16F7-4668-BE54-9A1E7A4F7556}") = "02. Knights of Honor", "02. Knights of Honor\02. Knights of Honor.csproj", "{B4C1FCB2-5003-4637-A4F9-F1DA01736AB4}"
EndProject
Project("{9A19103F-16F7-4668-BE54-9A1E7A4F7556}") = "03. Custom Min Function", "03. Custom Min Function\03. Custom Min Function.csproj", "{745147A3-EAF8-45C1-A603-2BE991D0CA0B}"
EndProject
Project("{9A19103F-16F7-4668-BE54-9A1E7A4F7556}") = "04. Find Evens or Odds", "04. Find Evens or Odds\04. Find Evens or Odds.csproj", "{E0DDA426-D211-4B8E-B362-693F55297B88}"
EndProject
Project("{9A19103F-16F7-4668-BE54-9A1E7A4F7556}") = "05. Applied Arithmetics", "05. Applied Arithmetics\05. Applied Arithmetics.csproj", "{C35E4018-2E77-4739-8369-3BEBCA86EAD4}"
EndProject
Project("{9A19103F-16F7-4668-BE54-9A1E7A4F7556}") = "06. Reverse And Exclude", "06. Reverse And Exclude\06. Reverse And Exclude.csproj", "{170777DF-76F2-44CE-B8FE-B0C97A7A5286}"
EndProject
Project("{9A19103F-16F7-4668-BE54-9A1E7A4F7556}") = "07. Predicate For Names", "07. Predicate For Names\07. Predicate For Names.csproj", "{27C3027C-143B-469F-894D-763AB2F3A30F}"
EndProject
Global
	GlobalSection(SolutionConfigurationPlatforms) = preSolution
		Debug|Any CPU = Debug|Any CPU
		Release|Any CPU = Release|Any CPU
	EndGlobalSection
	GlobalSection(ProjectConfigurationPlatforms) = postSolution
		{8F70C557-97A5-451F-8A14-D5E31C0269F1}.Debug|Any CPU.ActiveCfg = Debug|Any CPU
		{8F70C557-97A5-451F-8A14-D5E31C0269F1}.Debug|Any CPU.Build.0 = Debug|Any CPU
		{8F70C557-97A5-451F-8A14-D5E31C0269F1}.Release|Any CPU.ActiveCfg = Release|Any CPU
		{8F70C557-97A5-451F-8A14-D5E31C0269F1}.Release|Any CPU.Build.0 = Release|Any CPU
		{B4C1FCB2-5003-4637-A4F9-F1DA01736AB4}.Debug|Any CPU.ActiveCfg = Debug|Any CPU
		{B4C1FCB2-5003-4637-A4F9-F1DA01736AB4}.Debug|Any CPU.Build.0 = Debug|Any CPU
		{B4C1FCB2-5003-4637-A4F9-F1DA01736AB4}.Release|Any CPU.ActiveCfg = Release|Any CPU
		{B4C1FCB2-5003-4637-A4F9-F1DA01736AB4}.Release|Any CPU.Build.0 = Release|Any CPU
		{745147A3-EAF8-45C1-A603-2BE991D0CA0B}.Debug|Any CPU.ActiveCfg = Debug|Any CPU
		{745147A3-EAF8-45C1-A603-2BE991D0CA0B}.Debug|Any CPU.Build.0 = Debug|Any CPU
		{745147A3-EAF8-45C1-A603-2BE991D0CA0B}.Release|Any CPU.ActiveCfg = Release|Any CPU
		{745147A3-EAF8-45C1-A603-2BE991D0CA0B}.Release|Any CPU.Build.0 = Release|Any CPU
		{E0DDA426-D211-4B8E-B362-693F55297B88}.Debug|Any CPU.ActiveCfg = Debug|Any CPU
		{E0DDA426-D211-4B8E-B362-693F55297B88}.Debug|Any CPU.Build.0 = Debug|Any CPU
		{E0DDA426-D211-4B8E-B362-693F55297B88}.Release|Any CPU.ActiveCfg = Release|Any CPU
		{E0DDA426-D211-4B8E-B362-693F55297B88}.Release|Any CPU.Build.0 = Release|Any CPU
		{C35E4018-2E77-4739-8369-3BEBCA86EAD4}.Debug|Any CPU.ActiveCfg = Debug|Any CPU
		{C35E4018-2E77-4739-8369-3BEBCA86EAD4}.Debug|Any CPU.Build.0 = Debug|Any CPU
		{C35E4018-2E77-4739-8369-3BEBCA86EAD4}.Release|Any CPU.ActiveCfg = Release|Any CPU
		{C35E4018-2E77-4739-8369-3BEBCA86EAD4}.Release|Any CPU.Build.0 = Release|Any CPU
		{170777DF-76F2-44CE-B8FE-B0C97A7A5286}.Debug|Any CPU.ActiveCfg = Debug|Any CPU
		{170777DF-76F2-44CE-B8FE-B0C97A7A5286}.Debug|Any CPU.Build.0 = Debug|Any CPU
		{170777DF-76F2-44CE-B8FE-B0C97A7A5286}.Release|Any CPU.ActiveCfg = Release|Any CPU
		{170777DF-76F2-44CE-B8FE-B0C97A7A5286}.Release|Any CPU.Build.0 = Release|Any CPU
		{27C3027C-143B-469F-894D-763AB2F3A30F}.Debug|Any CPU.ActiveCfg = Debug|Any CPU
		{27C3027C-143B-469F-894D-763AB2F3A30F}.Debug|Any CPU.Build.0 = Debug|Any CPU
		{27C3027C-143B-469F-894D-763AB2F3A30F}.Release|Any CPU.ActiveCfg = Release|Any CPU
		{27C3027C-143B-469F-894D-763AB2F3A30F}.Release|Any CPU.Build.0 = Release|Any CPU
	EndGlobalSection
	GlobalSection(SolutionProperties) = preSolution
		HideSolutionNode = FALSE
	EndGlobalSection
	GlobalSection(ExtensibilityGlobals) = postSolution
		SolutionGuid = {F8845A8D-BB5D-46FC-8B40-BBE562BB625C}
	EndGlobalSection
EndGlobal
